// !$*UTF8*$!
{
	archiveVersion = 1;
	classes = {
	};
	objectVersion = 77;
	objects = {

/* Begin PBXContainerItemProxy section */
		380A22E22E4194D2000C67A3 /* PBXContainerItemProxy */ = {
			isa = PBXContainerItemProxy;
			containerPortal = 380A22C32E4194D0000C67A3 /* Project object */;
			proxyType = 1;
			remoteGlobalIDString = 380A22CA2E4194D0000C67A3;
			remoteInfo = syncify;
		};
		380A22EC2E4194D2000C67A3 /* PBXContainerItemProxy */ = {
			isa = PBXContainerItemProxy;
			containerPortal = 380A22C32E4194D0000C67A3 /* Project object */;
			proxyType = 1;
			remoteGlobalIDString = 380A22CA2E4194D0000C67A3;
			remoteInfo = syncify;
		};
/* End PBXContainerItemProxy section */

/* Begin PBXFileReference section */
		380A22CB2E4194D0000C67A3 /* syncify.app */ = {isa = PBXFileReference; explicitFileType = wrapper.application; includeInIndex = 0; path = syncify.app; sourceTree = BUILT_PRODUCTS_DIR; };
		380A22E12E4194D2000C67A3 /* syncifyTests.xctest */ = {isa = PBXFileReference; explicitFileType = wrapper.cfbundle; includeInIndex = 0; path = syncifyTests.xctest; sourceTree = BUILT_PRODUCTS_DIR; };
		380A22EB2E4194D2000C67A3 /* syncifyUITests.xctest */ = {isa = PBXFileReference; explicitFileType = wrapper.cfbundle; includeInIndex = 0; path = syncifyUITests.xctest; sourceTree = BUILT_PRODUCTS_DIR; };
/* End PBXFileReference section */

/* Begin PBXFileSystemSynchronizedBuildFileExceptionSet section */
		380A22F32E4194D2000C67A3 /* Exceptions for "syncify" folder in "syncify" target */ = {
			isa = PBXFileSystemSynchronizedBuildFileExceptionSet;
			membershipExceptions = (
				Info.plist,
			);
			target = 380A22CA2E4194D0000C67A3 /* syncify */;
		};
/* End PBXFileSystemSynchronizedBuildFileExceptionSet section */

/* Begin PBXFileSystemSynchronizedRootGroup section */
		380A22CD2E4194D0000C67A3 /* syncify */ = {
			isa = PBXFileSystemSynchronizedRootGroup;
			exceptions = (
				380A22F32E4194D2000C67A3 /* Exceptions for "syncify" folder in "syncify" target */,
			);
			path = syncify;
			sourceTree = "<group>";
		};
		380A22E42E4194D2000C67A3 /* syncifyTests */ = {
			isa = PBXFileSystemSynchronizedRootGroup;
			path = syncifyTests;
			sourceTree = "<group>";
		};
		380A22EE2E4194D2000C67A3 /* syncifyUITests */ = {
			isa = PBXFileSystemSynchronizedRootGroup;
			path = syncifyUITests;
			sourceTree = "<group>";
		};
/* End PBXFileSystemSynchronizedRootGroup section */

/* Begin PBXFrameworksBuildPhase section */
		380A22C82E4194D0000C67A3 /* Frameworks */ = {
			isa = PBXFrameworksBuildPhase;
			buildActionMask = 2147483647;
			files = (
			);
			runOnlyForDeploymentPostprocessing = 0;
		};
		380A22DE2E4194D2000C67A3 /* Frameworks */ = {
			isa = PBXFrameworksBuildPhase;
			buildActionMask = 2147483647;
			files = (
			);
			runOnlyForDeploymentPostprocessing = 0;
		};
		380A22E82E4194D2000C67A3 /* Frameworks */ = {
			isa = PBXFrameworksBuildPhase;
			buildActionMask = 2147483647;
			files = (
			);
			runOnlyForDeploymentPostprocessing = 0;
		};
/* End PBXFrameworksBuildPhase section */

/* Begin PBXGroup section */
		380A22C22E4194D0000C67A3 = {
			isa = PBXGroup;
			children = (
				380A22CD2E4194D0000C67A3 /* syncify */,
				380A22E42E4194D2000C67A3 /* syncifyTests */,
				380A22EE2E4194D2000C67A3 /* syncifyUITests */,
				380A22CC2E4194D0000C67A3 /* Products */,
			);
			sourceTree = "<group>";
		};
		380A22CC2E4194D0000C67A3 /* Products */ = {
			isa = PBXGroup;
			children = (
				380A22CB2E4194D0000C67A3 /* syncify.app */,
				380A22E12E4194D2000C67A3 /* syncifyTests.xctest */,
				380A22EB2E4194D2000C67A3 /* syncifyUITests.xctest */,
			);
			name = Products;
			sourceTree = "<group>";
		};
/* End PBXGroup section */

/* Begin PBXNativeTarget section */
		380A22CA2E4194D0000C67A3 /* syncify */ = {
			isa = PBXNativeTarget;
			buildConfigurationList = 380A22F42E4194D2000C67A3 /* Build configuration list for PBXNativeTarget "syncify" */;
			buildPhases = (
				380A22C72E4194D0000C67A3 /* Sources */,
				380A22C82E4194D0000C67A3 /* Frameworks */,
				380A22C92E4194D0000C67A3 /* Resources */,
			);
			buildRules = (
			);
			dependencies = (
			);
			fileSystemSynchronizedGroups = (
				380A22CD2E4194D0000C67A3 /* syncify */,
			);
			name = syncify;
			packageProductDependencies = (
			);
			productName = syncify;
			productReference = 380A22CB2E4194D0000C67A3 /* syncify.app */;
			productType = "com.apple.product-type.application";
		};
		380A22E02E4194D2000C67A3 /* syncifyTests */ = {
			isa = PBXNativeTarget;
			buildConfigurationList = 380A22F92E4194D2000C67A3 /* Build configuration list for PBXNativeTarget "syncifyTests" */;
			buildPhases = (
				380A22DD2E4194D2000C67A3 /* Sources */,
				380A22DE2E4194D2000C67A3 /* Frameworks */,
				380A22DF2E4194D2000C67A3 /* Resources */,
			);
			buildRules = (
			);
			dependencies = (
				380A22E32E4194D2000C67A3 /* PBXTargetDependency */,
			);
			fileSystemSynchronizedGroups = (
				380A22E42E4194D2000C67A3 /* syncifyTests */,
			);
			name = syncifyTests;
			packageProductDependencies = (
			);
			productName = syncifyTests;
			productReference = 380A22E12E4194D2000C67A3 /* syncifyTests.xctest */;
			productType = "com.apple.product-type.bundle.unit-test";
		};
		380A22EA2E4194D2000C67A3 /* syncifyUITests */ = {
			isa = PBXNativeTarget;
			buildConfigurationList = 380A22FC2E4194D2000C67A3 /* Build configuration list for PBXNativeTarget "syncifyUITests" */;
			buildPhases = (
				380A22E72E4194D2000C67A3 /* Sources */,
				380A22E82E4194D2000C67A3 /* Frameworks */,
				380A22E92E4194D2000C67A3 /* Resources */,
			);
			buildRules = (
			);
			dependencies = (
				380A22ED2E4194D2000C67A3 /* PBXTargetDependency */,
			);
			fileSystemSynchronizedGroups = (
				380A22EE2E4194D2000C67A3 /* syncifyUITests */,
			);
			name = syncifyUITests;
			packageProductDependencies = (
			);
			productName = syncifyUITests;
			productReference = 380A22EB2E4194D2000C67A3 /* syncifyUITests.xctest */;
			productType = "com.apple.product-type.bundle.ui-testing";
		};
/* End PBXNativeTarget section */

/* Begin PBXProject section */
		380A22C32E4194D0000C67A3 /* Project object */ = {
			isa = PBXProject;
			attributes = {
				BuildIndependentTargetsInParallel = 1;
				LastSwiftUpdateCheck = 1640;
				LastUpgradeCheck = 1640;
				TargetAttributes = {
					380A22CA2E4194D0000C67A3 = {
						CreatedOnToolsVersion = 16.4;
					};
					380A22E02E4194D2000C67A3 = {
						CreatedOnToolsVersion = 16.4;
						TestTargetID = 380A22CA2E4194D0000C67A3;
					};
					380A22EA2E4194D2000C67A3 = {
						CreatedOnToolsVersion = 16.4;
						TestTargetID = 380A22CA2E4194D0000C67A3;
					};
				};
			};
			buildConfigurationList = 380A22C62E4194D0000C67A3 /* Build configuration list for PBXProject "syncify" */;
			developmentRegion = en;
			hasScannedForEncodings = 0;
			knownRegions = (
				en,
				Base,
			);
			mainGroup = 380A22C22E4194D0000C67A3;
			minimizedProjectReferenceProxies = 1;
			preferredProjectObjectVersion = 77;
			productRefGroup = 380A22CC2E4194D0000C67A3 /* Products */;
			projectDirPath = "";
			projectRoot = "";
			targets = (
				380A22CA2E4194D0000C67A3 /* syncify */,
				380A22E02E4194D2000C67A3 /* syncifyTests */,
				380A22EA2E4194D2000C67A3 /* syncifyUITests */,
			);
		};
/* End PBXProject section */

/* Begin PBXResourcesBuildPhase section */
		380A22C92E4194D0000C67A3 /* Resources */ = {
			isa = PBXResourcesBuildPhase;
			buildActionMask = 2147483647;
			files = (
			);
			runOnlyForDeploymentPostprocessing = 0;
		};
		380A22DF2E4194D2000C67A3 /* Resources */ = {
			isa = PBXResourcesBuildPhase;
			buildActionMask = 2147483647;
			files = (
			);
			runOnlyForDeploymentPostprocessing = 0;
		};
		380A22E92E4194D2000C67A3 /* Resources */ = {
			isa = PBXResourcesBuildPhase;
			buildActionMask = 2147483647;
			files = (
			);
			runOnlyForDeploymentPostprocessing = 0;
		};
/* End PBXResourcesBuildPhase section */

/* Begin PBXSourcesBuildPhase section */
		380A22C72E4194D0000C67A3 /* Sources */ = {
			isa = PBXSourcesBuildPhase;
			buildActionMask = 2147483647;
			files = (
			);
			runOnlyForDeploymentPostprocessing = 0;
		};
		380A22DD2E4194D2000C67A3 /* Sources */ = {
			isa = PBXSourcesBuildPhase;
			buildActionMask = 2147483647;
			files = (
			);
			runOnlyForDeploymentPostprocessing = 0;
		};
		380A22E72E4194D2000C67A3 /* Sources */ = {
			isa = PBXSourcesBuildPhase;
			buildActionMask = 2147483647;
			files = (
			);
			runOnlyForDeploymentPostprocessing = 0;
		};
/* End PBXSourcesBuildPhase section */

/* Begin PBXTargetDependency section */
		380A22E32E4194D2000C67A3 /* PBXTargetDependency */ = {
			isa = PBXTargetDependency;
			target = 380A22CA2E4194D0000C67A3 /* syncify */;
			targetProxy = 380A22E22E4194D2000C67A3 /* PBXContainerItemProxy */;
		};
		380A22ED2E4194D2000C67A3 /* PBXTargetDependency */ = {
			isa = PBXTargetDependency;
			target = 380A22CA2E4194D0000C67A3 /* syncify */;
			targetProxy = 380A22EC2E4194D2000C67A3 /* PBXContainerItemProxy */;
		};
/* End PBXTargetDependency section */

/* Begin XCBuildConfiguration section */
		380A22F52E4194D2000C67A3 /* Debug */ = {
			isa = XCBuildConfiguration;
			buildSettings = {
				ASSETCATALOG_COMPILER_APPICON_NAME = AppIcon;
				ASSETCATALOG_COMPILER_GLOBAL_ACCENT_COLOR_NAME = AccentColor;
				CODE_SIGN_STYLE = Automatic;
				CURRENT_PROJECT_VERSION = 1;
				DEVELOPMENT_TEAM = ZMJ5L73C89;
				GENERATE_INFOPLIST_FILE = YES;
				INFOPLIST_FILE = syncify/Info.plist;
				INFOPLIST_KEY_UIApplicationSupportsIndirectInputEvents = YES;
				INFOPLIST_KEY_UILaunchStoryboardName = LaunchScreen;
				INFOPLIST_KEY_UIMainStoryboardFile = Main;
				INFOPLIST_KEY_UISupportedInterfaceOrientations_iPad = "UIInterfaceOrientationPortrait UIInterfaceOrientationPortraitUpsideDown UIInterfaceOrientationLandscapeLeft UIInterfaceOrientationLandscapeRight";
				INFOPLIST_KEY_UISupportedInterfaceOrientations_iPhone = "UIInterfaceOrientationPortrait UIInterfaceOrientationLandscapeLeft UIInterfaceOrientationLandscapeRight";
				LD_RUNPATH_SEARCH_PATHS = (
					"$(inherited)",
					"@executable_path/Frameworks",
				);
				MARKETING_VERSION = 1.0;
				PRODUCT_BUNDLE_IDENTIFIER = SalmaMohammad.syncify;
				PRODUCT_NAME = "$(TARGET_NAME)";
				SWIFT_EMIT_LOC_STRINGS = YES;
				SWIFT_VERSION = 5.0;
				TARGETED_DEVICE_FAMILY = "1,2";
			};
			name = Debug;
		};
		380A22F62E4194D2000C67A3 /* Release */ = {
			isa = XCBuildConfiguration;
			buildSettings = {
				ASSETCATALOG_COMPILER_APPICON_NAME = AppIcon;
				ASSETCATALOG_COMPILER_GLOBAL_ACCENT_COLOR_NAME = AccentColor;
				CODE_SIGN_STYLE = Automatic;
				CURRENT_PROJECT_VERSION = 1;
				DEVELOPMENT_TEAM = ZMJ5L73C89;
				GENERATE_INFOPLIST_FILE = YES;
				INFOPLIST_FILE = syncify/Info.plist;
				INFOPLIST_KEY_UIApplicationSupportsIndirectInputEvents = YES;
				INFOPLIST_KEY_UILaunchStoryboardName = LaunchScreen;
				INFOPLIST_KEY_UIMainStoryboardFile = Main;
				INFOPLIST_KEY_UISupportedInterfaceOrientations_iPad = "UIInterfaceOrientationPortrait UIInterfaceOrientationPortraitUpsideDown UIInterfaceOrientationLandscapeLeft UIInterfaceOrientationLandscapeRight";
				INFOPLIST_KEY_UISupportedInterfaceOrientations_iPhone = "UIInterfaceOrientationPortrait UIInterfaceOrientationLandscapeLeft UIInterfaceOrientationLandscapeRight";
				LD_RUNPATH_SEARCH_PATHS = (
					"$(inherited)",
					"@executable_path/Frameworks",
				);
				MARKETING_VERSION = 1.0;
				PRODUCT_BUNDLE_IDENTIFIER = SalmaMohammad.syncify;
				PRODUCT_NAME = "$(TARGET_NAME)";
				SWIFT_EMIT_LOC_STRINGS = YES;
				SWIFT_VERSION = 5.0;
				TARGETED_DEVICE_FAMILY = "1,2";
			};
			name = Release;
		};
		380A22F72E4194D2000C67A3 /* Debug */ = {
			isa = XCBuildConfiguration;
			buildSettings = {
				ALWAYS_SEARCH_USER_PATHS = NO;
				ASSETCATALOG_COMPILER_GENERATE_SWIFT_ASSET_SYMBOL_EXTENSIONS = YES;
				CLANG_ANALYZER_NONNULL = YES;
				CLANG_ANALYZER_NUMBER_OBJECT_CONVERSION = YES_AGGRESSIVE;
				CLANG_CXX_LANGUAGE_STANDARD = "gnu++20";
				CLANG_ENABLE_MODULES = YES;
				CLANG_ENABLE_OBJC_ARC = YES;
				CLANG_ENABLE_OBJC_WEAK = YES;
				CLANG_WARN_BLOCK_CAPTURE_AUTORELEASING = YES;
				CLANG_WARN_BOOL_CONVERSION = YES;
				CLANG_WARN_COMMA = YES;
				CLANG_WARN_CONSTANT_CONVERSION = YES;
				CLANG_WARN_DEPRECATED_OBJC_IMPLEMENTATIONS = YES;
				CLANG_WARN_DIRECT_OBJC_ISA_USAGE = YES_ERROR;
				CLANG_WARN_DOCUMENTATION_COMMENTS = YES;
				CLANG_WARN_EMPTY_BODY = YES;
				CLANG_WARN_ENUM_CONVERSION = YES;
				CLANG_WARN_INFINITE_RECURSION = YES;
				CLANG_WARN_INT_CONVERSION = YES;
				CLANG_WARN_NON_LITERAL_NULL_CONVERSION = YES;
				CLANG_WARN_OBJC_IMPLICIT_RETAIN_SELF = YES;
				CLANG_WARN_OBJC_LITERAL_CONVERSION = YES;
				CLANG_WARN_OBJC_ROOT_CLASS = YES_ERROR;
				CLANG_WARN_QUOTED_INCLUDE_IN_FRAMEWORK_HEADER = YES;
				CLANG_WARN_RANGE_LOOP_ANALYSIS = YES;
				CLANG_WARN_STRICT_PROTOTYPES = YES;
				CLANG_WARN_SUSPICIOUS_MOVE = YES;
				CLANG_WARN_UNGUARDED_AVAILABILITY = YES_AGGRESSIVE;
				CLANG_WARN_UNREACHABLE_CODE = YES;
				CLANG_WARN__DUPLICATE_METHOD_MATCH = YES;
				COPY_PHASE_STRIP = NO;
				DEBUG_INFORMATION_FORMAT = dwarf;
				DEVELOPMENT_TEAM = ZMJ5L73C89;
				ENABLE_STRICT_OBJC_MSGSEND = YES;
				ENABLE_TESTABILITY = YES;
				ENABLE_USER_SCRIPT_SANDBOXING = YES;
				GCC_C_LANGUAGE_STANDARD = gnu17;
				GCC_DYNAMIC_NO_PIC = NO;
				GCC_NO_COMMON_BLOCKS = YES;
				GCC_OPTIMIZATION_LEVEL = 0;
				GCC_PREPROCESSOR_DEFINITIONS = (
					"DEBUG=1",
					"$(inherited)",
				);
				GCC_WARN_64_TO_32_BIT_CONVERSION = YES;
				GCC_WARN_ABOUT_RETURN_TYPE = YES_ERROR;
				GCC_WARN_UNDECLARED_SELECTOR = YES;
				GCC_WARN_UNINITIALIZED_AUTOS = YES_AGGRESSIVE;
				GCC_WARN_UNUSED_FUNCTION = YES;
				GCC_WARN_UNUSED_VARIABLE = YES;
				IPHONEOS_DEPLOYMENT_TARGET = 18.5;
				LOCALIZATION_PREFERS_STRING_CATALOGS = YES;
				MTL_ENABLE_DEBUG_INFO = INCLUDE_SOURCE;
				MTL_FAST_MATH = YES;
				ONLY_ACTIVE_ARCH = YES;
				SDKROOT = iphoneos;
				SWIFT_ACTIVE_COMPILATION_CONDITIONS = "DEBUG $(inherited)";
				SWIFT_OPTIMIZATION_LEVEL = "-Onone";
			};
			name = Debug;
		};
		380A22F82E4194D2000C67A3 /* Release */ = {
			isa = XCBuildConfiguration;
			buildSettings = {
				ALWAYS_SEARCH_USER_PATHS = NO;
				ASSETCATALOG_COMPILER_GENERATE_SWIFT_ASSET_SYMBOL_EXTENSIONS = YES;
				CLANG_ANALYZER_NONNULL = YES;
				CLANG_ANALYZER_NUMBER_OBJECT_CONVERSION = YES_AGGRESSIVE;
				CLANG_CXX_LANGUAGE_STANDARD = "gnu++20";
				CLANG_ENABLE_MODULES = YES;
				CLANG_ENABLE_OBJC_ARC = YES;
				CLANG_ENABLE_OBJC_WEAK = YES;
				CLANG_WARN_BLOCK_CAPTURE_AUTORELEASING = YES;
				CLANG_WARN_BOOL_CONVERSION = YES;
				CLANG_WARN_COMMA = YES;
				CLANG_WARN_CONSTANT_CONVERSION = YES;
				CLANG_WARN_DEPRECATED_OBJC_IMPLEMENTATIONS = YES;
				CLANG_WARN_DIRECT_OBJC_ISA_USAGE = YES_ERROR;
				CLANG_WARN_DOCUMENTATION_COMMENTS = YES;
				CLANG_WARN_EMPTY_BODY = YES;
				CLANG_WARN_ENUM_CONVERSION = YES;
				CLANG_WARN_INFINITE_RECURSION = YES;
				CLANG_WARN_INT_CONVERSION = YES;
				CLANG_WARN_NON_LITERAL_NULL_CONVERSION = YES;
				CLANG_WARN_OBJC_IMPLICIT_RETAIN_SELF = YES;
				CLANG_WARN_OBJC_LITERAL_CONVERSION = YES;
				CLANG_WARN_OBJC_ROOT_CLASS = YES_ERROR;
				CLANG_WARN_QUOTED_INCLUDE_IN_FRAMEWORK_HEADER = YES;
				CLANG_WARN_RANGE_LOOP_ANALYSIS = YES;
				CLANG_WARN_STRICT_PROTOTYPES = YES;
				CLANG_WARN_SUSPICIOUS_MOVE = YES;
				CLANG_WARN_UNGUARDED_AVAILABILITY = YES_AGGRESSIVE;
				CLANG_WARN_UNREACHABLE_CODE = YES;
				CLANG_WARN__DUPLICATE_METHOD_MATCH = YES;
				COPY_PHASE_STRIP = NO;
				DEBUG_INFORMATION_FORMAT = "dwarf-with-dsym";
				DEVELOPMENT_TEAM = ZMJ5L73C89;
				ENABLE_NS_ASSERTIONS = NO;
				ENABLE_STRICT_OBJC_MSGSEND = YES;
				ENABLE_USER_SCRIPT_SANDBOXING = YES;
				GCC_C_LANGUAGE_STANDARD = gnu17;
				GCC_NO_COMMON_BLOCKS = YES;
				GCC_WARN_64_TO_32_BIT_CONVERSION = YES;
				GCC_WARN_ABOUT_RETURN_TYPE = YES_ERROR;
				GCC_WARN_UNDECLARED_SELECTOR = YES;
				GCC_WARN_UNINITIALIZED_AUTOS = YES_AGGRESSIVE;
				GCC_WARN_UNUSED_FUNCTION = YES;
				GCC_WARN_UNUSED_VARIABLE = YES;
				IPHONEOS_DEPLOYMENT_TARGET = 18.5;
				LOCALIZATION_PREFERS_STRING_CATALOGS = YES;
				MTL_ENABLE_DEBUG_INFO = NO;
				MTL_FAST_MATH = YES;
				SDKROOT = iphoneos;
				SWIFT_COMPILATION_MODE = wholemodule;
				VALIDATE_PRODUCT = YES;
			};
			name = Release;
		};
		380A22FA2E4194D2000C67A3 /* Debug */ = {
			isa = XCBuildConfiguration;
			buildSettings = {
				BUNDLE_LOADER = "$(TEST_HOST)";
				CODE_SIGN_STYLE = Automatic;
				CURRENT_PROJECT_VERSION = 1;
				DEVELOPMENT_TEAM = ZMJ5L73C89;
				GENERATE_INFOPLIST_FILE = YES;
				IPHONEOS_DEPLOYMENT_TARGET = 18.5;
				MARKETING_VERSION = 1.0;
				PRODUCT_BUNDLE_IDENTIFIER = SalmaMohammad.syncifyTests;
				PRODUCT_NAME = "$(TARGET_NAME)";
				SWIFT_EMIT_LOC_STRINGS = NO;
				SWIFT_VERSION = 5.0;
				TARGETED_DEVICE_FAMILY = "1,2";
				TEST_HOST = "$(BUILT_PRODUCTS_DIR)/syncify.app/$(BUNDLE_EXECUTABLE_FOLDER_PATH)/syncify";
			};
			name = Debug;
		};
		380A22FB2E4194D2000C67A3 /* Release */ = {
			isa = XCBuildConfiguration;
			buildSettings = {
				BUNDLE_LOADER = "$(TEST_HOST)";
				CODE_SIGN_STYLE = Automatic;
				CURRENT_PROJECT_VERSION = 1;
				DEVELOPMENT_TEAM = ZMJ5L73C89;
				GENERATE_INFOPLIST_FILE = YES;
				IPHONEOS_DEPLOYMENT_TARGET = 18.5;
				MARKETING_VERSION = 1.0;
				PRODUCT_BUNDLE_IDENTIFIER = SalmaMohammad.syncifyTests;
				PRODUCT_NAME = "$(TARGET_NAME)";
				SWIFT_EMIT_LOC_STRINGS = NO;
				SWIFT_VERSION = 5.0;
				TARGETED_DEVICE_FAMILY = "1,2";
				TEST_HOST = "$(BUILT_PRODUCTS_DIR)/syncify.app/$(BUNDLE_EXECUTABLE_FOLDER_PATH)/syncify";
			};
			name = Release;
		};
		380A22FD2E4194D2000C67A3 /* Debug */ = {
			isa = XCBuildConfiguration;
			buildSettings = {
				CODE_SIGN_STYLE = Automatic;
				CURRENT_PROJECT_VERSION = 1;
				DEVELOPMENT_TEAM = ZMJ5L73C89;
				GENERATE_INFOPLIST_FILE = YES;
				MARKETING_VERSION = 1.0;
				PRODUCT_BUNDLE_IDENTIFIER = SalmaMohammad.syncifyUITests;
				PRODUCT_NAME = "$(TARGET_NAME)";
				SWIFT_EMIT_LOC_STRINGS = NO;
				SWIFT_VERSION = 5.0;
				TARGETED_DEVICE_FAMILY = "1,2";
				TEST_TARGET_NAME = syncify;
			};
			name = Debug;
		};
		380A22FE2E4194D2000C67A3 /* Release */ = {
			isa = XCBuildConfiguration;
			buildSettings = {
				CODE_SIGN_STYLE = Automatic;
				CURRENT_PROJECT_VERSION = 1;
				DEVELOPMENT_TEAM = ZMJ5L73C89;
				GENERATE_INFOPLIST_FILE = YES;
				MARKETING_VERSION = 1.0;
				PRODUCT_BUNDLE_IDENTIFIER = SalmaMohammad.syncifyUITests;
				PRODUCT_NAME = "$(TARGET_NAME)";
				SWIFT_EMIT_LOC_STRINGS = NO;
				SWIFT_VERSION = 5.0;
				TARGETED_DEVICE_FAMILY = "1,2";
				TEST_TARGET_NAME = syncify;
			};
			name = Release;
		};
/* End XCBuildConfiguration section */

/* Begin XCConfigurationList section */
		380A22C62E4194D0000C67A3 /* Build configuration list for PBXProject "syncify" */ = {
			isa = XCConfigurationList;
			buildConfigurations = (
				380A22F72E4194D2000C67A3 /* Debug */,
				380A22F82E4194D2000C67A3 /* Release */,
			);
			defaultConfigurationIsVisible = 0;
			defaultConfigurationName = Release;
		};
		380A22F42E4194D2000C67A3 /* Build configuration list for PBXNativeTarget "syncify" */ = {
			isa = XCConfigurationList;
			buildConfigurations = (
				380A22F52E4194D2000C67A3 /* Debug */,
				380A22F62E4194D2000C67A3 /* Release */,
			);
			defaultConfigurationIsVisible = 0;
			defaultConfigurationName = Release;
		};
		380A22F92E4194D2000C67A3 /* Build configuration list for PBXNativeTarget "syncifyTests" */ = {
			isa = XCConfigurationList;
			buildConfigurations = (
				380A22FA2E4194D2000C67A3 /* Debug */,
				380A22FB2E4194D2000C67A3 /* Release */,
			);
			defaultConfigurationIsVisible = 0;
			defaultConfigurationName = Release;
		};
		380A22FC2E4194D2000C67A3 /* Build configuration list for PBXNativeTarget "syncifyUITests" */ = {
			isa = XCConfigurationList;
			buildConfigurations = (
				380A22FD2E4194D2000C67A3 /* Debug */,
				380A22FE2E4194D2000C67A3 /* Release */,
			);
			defaultConfigurationIsVisible = 0;
			defaultConfigurationName = Release;
		};
/* End XCConfigurationList section */
	};
	rootObject = 380A22C32E4194D0000C67A3 /* Project object */;
}
